
Microsoft Visual Studio Solution File, Format Version 12.00
# Visual Studio Version 17
VisualStudioVersion = 17.14.36511.14 d17.14
MinimumVisualStudioVersion = 10.0.40219.1
Project("{FAE04EC0-301F-11D3-BF4B-00C04F79EFBC}") = "KDemia", "KDemia.csproj", "{7723462B-3E9E-4A8C-A4C0-CFED020B6624}"
EndProject
Global
	GlobalSection(SolutionConfigurationPlatforms) = preSolution
		Debug|Any CPU = Debug|Any CPU
		Release|Any CPU = Release|Any CPU
	EndGlobalSection
	GlobalSection(ProjectConfigurationPlatforms) = postSolution
		{7723462B-3E9E-4A8C-A4C0-CFED020B6624}.Debug|Any CPU.ActiveCfg = Debug|Any CPU
		{7723462B-3E9E-4A8C-A4C0-CFED020B6624}.Debug|Any CPU.Build.0 = Debug|Any CPU
		{7723462B-3E9E-4A8C-A4C0-CFED020B6624}.Release|Any CPU.ActiveCfg = Release|Any CPU
		{7723462B-3E9E-4A8C-A4C0-CFED020B6624}.Release|Any CPU.Build.0 = Release|Any CPU
	EndGlobalSection
	GlobalSection(SolutionProperties) = preSolution
		HideSolutionNode = FALSE
	EndGlobalSection
	GlobalSection(ExtensibilityGlobals) = postSolution
		SolutionGuid = {B25C0E6F-C06F-4109-9A90-9831F9018300}
	EndGlobalSection
EndGlobal
